
Microsoft Visual Studio Solution File, Format Version 12.00
# Visual Studio Version 16
VisualStudioVersion = 16.0.31205.134
MinimumVisualStudioVersion = 10.0.40219.1
Project("{FAE04EC0-301F-11D3-BF4B-00C04F79EFBC}") = "WindowsFormsApp7", "WindowsFormsApp7.csproj", "{3F62975E-9781-4699-AFAC-4C12B0F8FC38}"
EndProject
Global
	GlobalSection(SolutionConfigurationPlatforms) = preSolution
		Debug|Any CPU = Debug|Any CPU
		Release|Any CPU = Release|Any CPU
	EndGlobalSection
	GlobalSection(ProjectConfigurationPlatforms) = postSolution
		{3F62975E-9781-4699-AFAC-4C12B0F8FC38}.Debug|Any CPU.ActiveCfg = Debug|Any CPU
		{3F62975E-9781-4699-AFAC-4C12B0F8FC38}.Debug|Any CPU.Build.0 = Debug|Any CPU
		{3F62975E-9781-4699-AFAC-4C12B0F8FC38}.Release|Any CPU.ActiveCfg = Release|Any CPU
		{3F62975E-9781-4699-AFAC-4C12B0F8FC38}.Release|Any CPU.Build.0 = Release|Any CPU
	EndGlobalSection
	GlobalSection(SolutionProperties) = preSolution
		HideSolutionNode = FALSE
	EndGlobalSection
	GlobalSection(ExtensibilityGlobals) = postSolution
		SolutionGuid = {8CAB19FA-D0AC-4C48-BE66-DD8A49183516}
	EndGlobalSection
EndGlobal
